
Microsoft Visual Studio Solution File, Format Version 12.00
# Visual Studio Version 17
VisualStudioVersion = 17.8.34309.116
MinimumVisualStudioVersion = 10.0.40219.1
Project("{2150E333-8FDC-42A3-9474-1A3956D46DE8}") = "src", "src", "{9A5AB962-ABBD-4E09-9672-48F01CCD906C}"
EndProject
Project("{2150E333-8FDC-42A3-9474-1A3956D46DE8}") = "tests", "tests", "{FA6FC187-68A8-4D97-9124-0F805ED56B73}"
	ProjectSection(SolutionItems) = preProject
		tests\.editorconfig = tests\.editorconfig
	EndProjectSection
EndProject
Project("{2150E333-8FDC-42A3-9474-1A3956D46DE8}") = "core", "core", "{DDC9C85E-1065-4CC1-AC3A-1D16040B8F97}"
EndProject
Project("{2150E333-8FDC-42A3-9474-1A3956D46DE8}") = "external", "external", "{1B1884B4-E472-4BB1-A725-E055E6B0CC19}"
EndProject
Project("{2150E333-8FDC-42A3-9474-1A3956D46DE8}") = "Éléments de solution", "Éléments de solution", "{9F43EC29-3891-477F-900F-51B4AE96565D}"
	ProjectSection(SolutionItems) = preProject
		.editorconfig = .editorconfig
		Directory.Build.props = Directory.Build.props
		Directory.Packages.props = Directory.Packages.props
	EndProjectSection
EndProject
Project("{E53339B2-1760-4266-BCC7-CA923CBCF16C}") = "docker-compose", "docker-compose.dcproj", "{D28350DF-8B0F-4B0B-B568-E1B8673F1DAC}"
EndProject
Project("{9A19103F-16F7-4668-BE54-9A1E7A4F7556}") = "QuizyZunaAPI.Application", "src\core\QuizyZunaAPI.Application\QuizyZunaAPI.Application.csproj", "{94FB164D-99F2-49AB-BC92-3C873173DDC9}"
EndProject
Project("{9A19103F-16F7-4668-BE54-9A1E7A4F7556}") = "QuizyZunaAPI.Domain", "src\core\QuizyZunaAPI.Domain\QuizyZunaAPI.Domain.csproj", "{5668E880-6CF8-4B1E-BA85-EAA986F2B22F}"
EndProject
Project("{9A19103F-16F7-4668-BE54-9A1E7A4F7556}") = "QuizyZunaAPI.Infrastructure", "src\external\QuizyZunaAPI.Infrastructure\QuizyZunaAPI.Infrastructure.csproj", "{06F64593-39AE-4F3B-BF6A-AFB320480B85}"
EndProject
Project("{9A19103F-16F7-4668-BE54-9A1E7A4F7556}") = "QuizyZunaAPI.Presentation", "src\external\QuizyZunaAPI.Presentation\QuizyZunaAPI.Presentation.csproj", "{2DE2B0EA-82FB-4595-8251-B7280D3E7ACF}"
EndProject
Project("{9A19103F-16F7-4668-BE54-9A1E7A4F7556}") = "QuizyZunaAPI.Api", "src\QuizyZunaAPI.Api\QuizyZunaAPI.Api.csproj", "{7E102ECC-D2EE-40B1-9BE6-9A04DA3677D3}"
EndProject
Project("{FAE04EC0-301F-11D3-BF4B-00C04F79EFBC}") = "QuizyZunaAPI.Domain.UnitTests", "tests\QuizyZunaAPI.Domain.UnitTests\QuizyZunaAPI.Domain.UnitTests.csproj", "{A1C5206A-5E87-42EC-80BB-456032DB66AE}"
EndProject
Global
	GlobalSection(SolutionConfigurationPlatforms) = preSolution
		Debug|Any CPU = Debug|Any CPU
		Release|Any CPU = Release|Any CPU
	EndGlobalSection
	GlobalSection(ProjectConfigurationPlatforms) = postSolution
		{D28350DF-8B0F-4B0B-B568-E1B8673F1DAC}.Debug|Any CPU.ActiveCfg = Debug|Any CPU
		{D28350DF-8B0F-4B0B-B568-E1B8673F1DAC}.Debug|Any CPU.Build.0 = Debug|Any CPU
		{D28350DF-8B0F-4B0B-B568-E1B8673F1DAC}.Release|Any CPU.ActiveCfg = Release|Any CPU
		{D28350DF-8B0F-4B0B-B568-E1B8673F1DAC}.Release|Any CPU.Build.0 = Release|Any CPU
		{94FB164D-99F2-49AB-BC92-3C873173DDC9}.Debug|Any CPU.ActiveCfg = Debug|Any CPU
		{94FB164D-99F2-49AB-BC92-3C873173DDC9}.Debug|Any CPU.Build.0 = Debug|Any CPU
		{94FB164D-99F2-49AB-BC92-3C873173DDC9}.Release|Any CPU.ActiveCfg = Release|Any CPU
		{94FB164D-99F2-49AB-BC92-3C873173DDC9}.Release|Any CPU.Build.0 = Release|Any CPU
		{5668E880-6CF8-4B1E-BA85-EAA986F2B22F}.Debug|Any CPU.ActiveCfg = Debug|Any CPU
		{5668E880-6CF8-4B1E-BA85-EAA986F2B22F}.Debug|Any CPU.Build.0 = Debug|Any CPU
		{5668E880-6CF8-4B1E-BA85-EAA986F2B22F}.Release|Any CPU.ActiveCfg = Release|Any CPU
		{5668E880-6CF8-4B1E-BA85-EAA986F2B22F}.Release|Any CPU.Build.0 = Release|Any CPU
		{06F64593-39AE-4F3B-BF6A-AFB320480B85}.Debug|Any CPU.ActiveCfg = Debug|Any CPU
		{06F64593-39AE-4F3B-BF6A-AFB320480B85}.Debug|Any CPU.Build.0 = Debug|Any CPU
		{06F64593-39AE-4F3B-BF6A-AFB320480B85}.Release|Any CPU.ActiveCfg = Release|Any CPU
		{06F64593-39AE-4F3B-BF6A-AFB320480B85}.Release|Any CPU.Build.0 = Release|Any CPU
		{2DE2B0EA-82FB-4595-8251-B7280D3E7ACF}.Debug|Any CPU.ActiveCfg = Debug|Any CPU
		{2DE2B0EA-82FB-4595-8251-B7280D3E7ACF}.Debug|Any CPU.Build.0 = Debug|Any CPU
		{2DE2B0EA-82FB-4595-8251-B7280D3E7ACF}.Release|Any CPU.ActiveCfg = Release|Any CPU
		{2DE2B0EA-82FB-4595-8251-B7280D3E7ACF}.Release|Any CPU.Build.0 = Release|Any CPU
		{7E102ECC-D2EE-40B1-9BE6-9A04DA3677D3}.Debug|Any CPU.ActiveCfg = Debug|Any CPU
		{7E102ECC-D2EE-40B1-9BE6-9A04DA3677D3}.Debug|Any CPU.Build.0 = Debug|Any CPU
		{7E102ECC-D2EE-40B1-9BE6-9A04DA3677D3}.Release|Any CPU.ActiveCfg = Release|Any CPU
		{7E102ECC-D2EE-40B1-9BE6-9A04DA3677D3}.Release|Any CPU.Build.0 = Release|Any CPU
		{A1C5206A-5E87-42EC-80BB-456032DB66AE}.Debug|Any CPU.ActiveCfg = Debug|Any CPU
		{A1C5206A-5E87-42EC-80BB-456032DB66AE}.Debug|Any CPU.Build.0 = Debug|Any CPU
		{A1C5206A-5E87-42EC-80BB-456032DB66AE}.Release|Any CPU.ActiveCfg = Release|Any CPU
		{A1C5206A-5E87-42EC-80BB-456032DB66AE}.Release|Any CPU.Build.0 = Release|Any CPU
	EndGlobalSection
	GlobalSection(SolutionProperties) = preSolution
		HideSolutionNode = FALSE
	EndGlobalSection
	GlobalSection(NestedProjects) = preSolution
		{DDC9C85E-1065-4CC1-AC3A-1D16040B8F97} = {9A5AB962-ABBD-4E09-9672-48F01CCD906C}
		{1B1884B4-E472-4BB1-A725-E055E6B0CC19} = {9A5AB962-ABBD-4E09-9672-48F01CCD906C}
		{94FB164D-99F2-49AB-BC92-3C873173DDC9} = {DDC9C85E-1065-4CC1-AC3A-1D16040B8F97}
		{5668E880-6CF8-4B1E-BA85-EAA986F2B22F} = {DDC9C85E-1065-4CC1-AC3A-1D16040B8F97}
		{06F64593-39AE-4F3B-BF6A-AFB320480B85} = {1B1884B4-E472-4BB1-A725-E055E6B0CC19}
		{2DE2B0EA-82FB-4595-8251-B7280D3E7ACF} = {1B1884B4-E472-4BB1-A725-E055E6B0CC19}
		{7E102ECC-D2EE-40B1-9BE6-9A04DA3677D3} = {9A5AB962-ABBD-4E09-9672-48F01CCD906C}
		{A1C5206A-5E87-42EC-80BB-456032DB66AE} = {FA6FC187-68A8-4D97-9124-0F805ED56B73}
	EndGlobalSection
	GlobalSection(ExtensibilityGlobals) = postSolution
		SolutionGuid = {B2E32AA0-9F4D-4882-B93B-09D2702E691D}
	EndGlobalSection
EndGlobal
